
Microsoft Visual Studio Solution File, Format Version 12.00
# Visual Studio Version 17
VisualStudioVersion = 17.1.32319.34
MinimumVisualStudioVersion = 10.0.40219.1
Project("{FAE04EC0-301F-11D3-BF4B-00C04F79EFBC}") = "CustomerCrudOperations", "CustomerCrudOperations.csproj", "{3E7B7104-3A35-4760-B63F-BBA9DE941C56}"
EndProject
Global
	GlobalSection(SolutionConfigurationPlatforms) = preSolution
		Debug|Any CPU = Debug|Any CPU
		Release|Any CPU = Release|Any CPU
	EndGlobalSection
	GlobalSection(ProjectConfigurationPlatforms) = postSolution
		{3E7B7104-3A35-4760-B63F-BBA9DE941C56}.Debug|Any CPU.ActiveCfg = Debug|Any CPU
		{3E7B7104-3A35-4760-B63F-BBA9DE941C56}.Debug|Any CPU.Build.0 = Debug|Any CPU
		{3E7B7104-3A35-4760-B63F-BBA9DE941C56}.Release|Any CPU.ActiveCfg = Release|Any CPU
		{3E7B7104-3A35-4760-B63F-BBA9DE941C56}.Release|Any CPU.Build.0 = Release|Any CPU
	EndGlobalSection
	GlobalSection(SolutionProperties) = preSolution
		HideSolutionNode = FALSE
	EndGlobalSection
	GlobalSection(ExtensibilityGlobals) = postSolution
		SolutionGuid = {5AD62EB1-EB22-4C73-AE2A-FCF11BAAC998}
	EndGlobalSection
EndGlobal
